
Microsoft Visual Studio Solution File, Format Version 12.00
# Visual Studio Version 16
VisualStudioVersion = 16.0.29728.190
MinimumVisualStudioVersion = 10.0.40219.1
Project("{9A19103F-16F7-4668-BE54-9A1E7A4F7556}") = "esper", "esper.csproj", "{9798C645-7712-4283-9C25-CA15429732E5}"
EndProject
Project("{9A19103F-16F7-4668-BE54-9A1E7A4F7556}") = "Tests", "..\Tests\Tests.csproj", "{A4F997A0-6B19-4BB2-B6C2-C75BCE33B18D}"
EndProject
Project("{2150E333-8FDC-42A3-9474-1A3956D46DE8}") = "Solution Items", "Solution Items", "{9CF8137A-3ADB-4B36-BFDB-C21015FC7D38}"
	ProjectSection(SolutionItems) = preProject
		.editorconfig = .editorconfig
	EndProjectSection
EndProject
Global
	GlobalSection(SolutionConfigurationPlatforms) = preSolution
		Debug|Any CPU = Debug|Any CPU
		Release|Any CPU = Release|Any CPU
	EndGlobalSection
	GlobalSection(ProjectConfigurationPlatforms) = postSolution
		{9798C645-7712-4283-9C25-CA15429732E5}.Debug|Any CPU.ActiveCfg = Debug|Any CPU
		{9798C645-7712-4283-9C25-CA15429732E5}.Debug|Any CPU.Build.0 = Debug|Any CPU
		{9798C645-7712-4283-9C25-CA15429732E5}.Release|Any CPU.ActiveCfg = Release|Any CPU
		{9798C645-7712-4283-9C25-CA15429732E5}.Release|Any CPU.Build.0 = Release|Any CPU
		{A4F997A0-6B19-4BB2-B6C2-C75BCE33B18D}.Debug|Any CPU.ActiveCfg = Debug|Any CPU
		{A4F997A0-6B19-4BB2-B6C2-C75BCE33B18D}.Debug|Any CPU.Build.0 = Debug|Any CPU
		{A4F997A0-6B19-4BB2-B6C2-C75BCE33B18D}.Release|Any CPU.ActiveCfg = Release|Any CPU
		{A4F997A0-6B19-4BB2-B6C2-C75BCE33B18D}.Release|Any CPU.Build.0 = Release|Any CPU
	EndGlobalSection
	GlobalSection(SolutionProperties) = preSolution
		HideSolutionNode = FALSE
	EndGlobalSection
	GlobalSection(ExtensibilityGlobals) = postSolution
		SolutionGuid = {C388D2C3-1450-425B-AB8C-698DEADCBCE4}
	EndGlobalSection
EndGlobal
